
Microsoft Visual Studio Solution File, Format Version 12.00
# Visual Studio Version 17
VisualStudioVersion = 17.3.32825.248
MinimumVisualStudioVersion = 10.0.40219.1
Project("{FAE04EC0-301F-11D3-BF4B-00C04F79EFBC}") = "WebApp1", "WebApp1\WebApp1.csproj", "{09C4C271-CBED-4B86-9B3F-B5CF647741DF}"
EndProject
Global
	GlobalSection(SolutionConfigurationPlatforms) = preSolution
		Debug|Any CPU = Debug|Any CPU
		Release|Any CPU = Release|Any CPU
	EndGlobalSection
	GlobalSection(ProjectConfigurationPlatforms) = postSolution
		{09C4C271-CBED-4B86-9B3F-B5CF647741DF}.Debug|Any CPU.ActiveCfg = Debug|Any CPU
		{09C4C271-CBED-4B86-9B3F-B5CF647741DF}.Debug|Any CPU.Build.0 = Debug|Any CPU
		{09C4C271-CBED-4B86-9B3F-B5CF647741DF}.Release|Any CPU.ActiveCfg = Release|Any CPU
		{09C4C271-CBED-4B86-9B3F-B5CF647741DF}.Release|Any CPU.Build.0 = Release|Any CPU
	EndGlobalSection
	GlobalSection(SolutionProperties) = preSolution
		HideSolutionNode = FALSE
	EndGlobalSection
	GlobalSection(ExtensibilityGlobals) = postSolution
		SolutionGuid = {805159A4-A5BF-4A07-A77C-9228F5DE394F}
	EndGlobalSection
EndGlobal
